
Microsoft Visual Studio Solution File, Format Version 12.00
# Visual Studio Version 16
VisualStudioVersion = 16.0.30114.105
MinimumVisualStudioVersion = 10.0.40219.1
Project("{2150E333-8FDC-42A3-9474-1A3956D46DE8}") = "1-Common", "1-Common", "{F5EDD48D-D918-4913-8E03-C82139517A73}"
EndProject
Project("{2150E333-8FDC-42A3-9474-1A3956D46DE8}") = "2-Services", "2-Services", "{A0751617-36E2-4D38-9B72-DDEAA6DA7CE9}"
EndProject
Project("{2150E333-8FDC-42A3-9474-1A3956D46DE8}") = "3-ApiGateway", "3-ApiGateway", "{4EB196D0-78B5-40F2-8918-D90A5126E445}"
EndProject
Project("{2150E333-8FDC-42A3-9474-1A3956D46DE8}") = "4-Tets", "4-Tets", "{1D82EE5D-5E9A-4973-96FF-68C29517667B}"
EndProject
Project("{9A19103F-16F7-4668-BE54-9A1E7A4F7556}") = "ECommerce.Core", "Common\ECommerce.Core\ECommerce.Core.csproj", "{7D5AF127-60DF-46A0-9F97-EDAEC42D8829}"
EndProject
Project("{9A19103F-16F7-4668-BE54-9A1E7A4F7556}") = "ECommerce.Domain", "Common\ECommerce.Domain\ECommerce.Domain.csproj", "{4F51B6CA-74C2-403A-8FF9-B5F468682F94}"
EndProject
Project("{2150E333-8FDC-42A3-9474-1A3956D46DE8}") = "ProductService", "ProductService", "{F9AB053D-A405-466B-9578-E64053E286D0}"
EndProject
Project("{FAE04EC0-301F-11D3-BF4B-00C04F79EFBC}") = "ECommerce.Product.Business", "Services\ProductService\ECommerce.Product.Business\ECommerce.Product.Business.csproj", "{01EEA4CD-B481-4970-A2A7-C5E5B3027885}"
EndProject
Project("{FAE04EC0-301F-11D3-BF4B-00C04F79EFBC}") = "ECommerce.Product.DataAccess", "Services\ProductService\ECommerce.Product.DataAccess\ECommerce.Product.DataAccess.csproj", "{468B52D3-FFB7-4408-B1DA-D32D93639264}"
EndProject
Project("{2150E333-8FDC-42A3-9474-1A3956D46DE8}") = "BasketService", "BasketService", "{B1065D35-2B7A-409B-9813-71C1D6DDDEA5}"
EndProject
Project("{FAE04EC0-301F-11D3-BF4B-00C04F79EFBC}") = "ECommerce.Basket.Entities", "Services\BasketService\ECommerce.Basket.Entities\ECommerce.Basket.Entities.csproj", "{43A57C86-7D18-4069-A582-1AFB6B35B972}"
EndProject
Project("{FAE04EC0-301F-11D3-BF4B-00C04F79EFBC}") = "ECommerce.Basket.DataAccess", "Services\BasketService\ECommerce.Basket.DataAccess\ECommerce.Basket.DataAccess.csproj", "{671BE6B8-F7F2-4E17-ACE7-C10997CC723F}"
EndProject
Project("{FAE04EC0-301F-11D3-BF4B-00C04F79EFBC}") = "ECommerce.Basket.Business", "Services\BasketService\ECommerce.Basket.Business\ECommerce.Basket.Business.csproj", "{7EDE4149-A266-4717-A8C1-B2E1669F147D}"
EndProject
Project("{FAE04EC0-301F-11D3-BF4B-00C04F79EFBC}") = "ECommerce.Basket.RestApi", "Services\BasketService\ECommerce.Basket.RestApi\ECommerce.Basket.RestApi.csproj", "{463B81A8-7F03-41B8-845E-5E8682940D7E}"
EndProject
Project("{FAE04EC0-301F-11D3-BF4B-00C04F79EFBC}") = "ECommerce.Product.RestApi", "Services\ProductService\ECommerce.Product.RestApi\ECommerce.Product.RestApi.csproj", "{1ED9F3DC-B4E4-41C8-834C-26DA699E648B}"
EndProject
Project("{FAE04EC0-301F-11D3-BF4B-00C04F79EFBC}") = "ECommerce.Product.Entities", "Services\ProductService\ECommerce.Product.Entities\ECommerce.Product.Entities.csproj", "{D921277C-52E4-468E-B992-B69CD3627570}"
EndProject
Project("{FAE04EC0-301F-11D3-BF4B-00C04F79EFBC}") = "ECommerce.Gateway.RestApi", "Gateway\ECommerce.Gateway.RestApi\ECommerce.Gateway.RestApi.csproj", "{C2EEAA9B-BEC6-4517-A49D-1A450248A1DF}"
EndProject
Project("{FAE04EC0-301F-11D3-BF4B-00C04F79EFBC}") = "ECommerce.Test.Business", "Test\ECommerce.Test.Business\ECommerce.Test.Business.csproj", "{721CBAE9-A9B5-4066-BE69-D77FBDFA3708}"
EndProject
Project("{FAE04EC0-301F-11D3-BF4B-00C04F79EFBC}") = "ECommerce.Test.Api", "Test\ECommerce.Test.Api\ECommerce.Test.Api.csproj", "{211F2927-2B88-4318-922D-BBD175D7B335}"
EndProject
Project("{2150E333-8FDC-42A3-9474-1A3956D46DE8}") = "AuthService", "AuthService", "{98780706-396A-40D1-92C9-ACC23BA26B60}"
EndProject
Project("{FAE04EC0-301F-11D3-BF4B-00C04F79EFBC}") = "ECommerce.Auth.Entities", "Services\AuthService\ECommerce.Auth.Entities\ECommerce.Auth.Entities.csproj", "{B9A931C7-89F3-499F-891D-9F626F3C3C9F}"
EndProject
Project("{FAE04EC0-301F-11D3-BF4B-00C04F79EFBC}") = "ECommerce.Auth.DataAccess", "Services\AuthService\ECommerce.Auth.DataAccess\ECommerce.Auth.DataAccess.csproj", "{08950180-DD15-4C22-BDDB-2DBC3B498EE7}"
EndProject
Project("{FAE04EC0-301F-11D3-BF4B-00C04F79EFBC}") = "ECommerce.Auth.Business", "Services\AuthService\ECommerce.Auth.Business\ECommerce.Auth.Business.csproj", "{A90477AB-1461-48A7-BBDC-FD6242BFC51F}"
EndProject
Project("{FAE04EC0-301F-11D3-BF4B-00C04F79EFBC}") = "ECommerce.Auth.RestApi", "Services\AuthService\ECommerce.Auth.RestApi\ECommerce.Auth.RestApi.csproj", "{CEDA0047-90F2-45C4-A950-1AC237C232CB}"
EndProject
Global
	GlobalSection(SolutionConfigurationPlatforms) = preSolution
		Debug|Any CPU = Debug|Any CPU
		Release|Any CPU = Release|Any CPU
	EndGlobalSection
	GlobalSection(ProjectConfigurationPlatforms) = postSolution
		{7D5AF127-60DF-46A0-9F97-EDAEC42D8829}.Debug|Any CPU.ActiveCfg = Debug|Any CPU
		{7D5AF127-60DF-46A0-9F97-EDAEC42D8829}.Debug|Any CPU.Build.0 = Debug|Any CPU
		{7D5AF127-60DF-46A0-9F97-EDAEC42D8829}.Release|Any CPU.ActiveCfg = Release|Any CPU
		{7D5AF127-60DF-46A0-9F97-EDAEC42D8829}.Release|Any CPU.Build.0 = Release|Any CPU
		{4F51B6CA-74C2-403A-8FF9-B5F468682F94}.Debug|Any CPU.ActiveCfg = Debug|Any CPU
		{4F51B6CA-74C2-403A-8FF9-B5F468682F94}.Debug|Any CPU.Build.0 = Debug|Any CPU
		{4F51B6CA-74C2-403A-8FF9-B5F468682F94}.Release|Any CPU.ActiveCfg = Release|Any CPU
		{4F51B6CA-74C2-403A-8FF9-B5F468682F94}.Release|Any CPU.Build.0 = Release|Any CPU
		{01EEA4CD-B481-4970-A2A7-C5E5B3027885}.Debug|Any CPU.ActiveCfg = Debug|Any CPU
		{01EEA4CD-B481-4970-A2A7-C5E5B3027885}.Debug|Any CPU.Build.0 = Debug|Any CPU
		{01EEA4CD-B481-4970-A2A7-C5E5B3027885}.Release|Any CPU.ActiveCfg = Release|Any CPU
		{01EEA4CD-B481-4970-A2A7-C5E5B3027885}.Release|Any CPU.Build.0 = Release|Any CPU
		{468B52D3-FFB7-4408-B1DA-D32D93639264}.Debug|Any CPU.ActiveCfg = Debug|Any CPU
		{468B52D3-FFB7-4408-B1DA-D32D93639264}.Debug|Any CPU.Build.0 = Debug|Any CPU
		{468B52D3-FFB7-4408-B1DA-D32D93639264}.Release|Any CPU.ActiveCfg = Release|Any CPU
		{468B52D3-FFB7-4408-B1DA-D32D93639264}.Release|Any CPU.Build.0 = Release|Any CPU
		{43A57C86-7D18-4069-A582-1AFB6B35B972}.Debug|Any CPU.ActiveCfg = Debug|Any CPU
		{43A57C86-7D18-4069-A582-1AFB6B35B972}.Debug|Any CPU.Build.0 = Debug|Any CPU
		{43A57C86-7D18-4069-A582-1AFB6B35B972}.Release|Any CPU.ActiveCfg = Release|Any CPU
		{43A57C86-7D18-4069-A582-1AFB6B35B972}.Release|Any CPU.Build.0 = Release|Any CPU
		{671BE6B8-F7F2-4E17-ACE7-C10997CC723F}.Debug|Any CPU.ActiveCfg = Debug|Any CPU
		{671BE6B8-F7F2-4E17-ACE7-C10997CC723F}.Debug|Any CPU.Build.0 = Debug|Any CPU
		{671BE6B8-F7F2-4E17-ACE7-C10997CC723F}.Release|Any CPU.ActiveCfg = Release|Any CPU
		{671BE6B8-F7F2-4E17-ACE7-C10997CC723F}.Release|Any CPU.Build.0 = Release|Any CPU
		{7EDE4149-A266-4717-A8C1-B2E1669F147D}.Debug|Any CPU.ActiveCfg = Debug|Any CPU
		{7EDE4149-A266-4717-A8C1-B2E1669F147D}.Debug|Any CPU.Build.0 = Debug|Any CPU
		{7EDE4149-A266-4717-A8C1-B2E1669F147D}.Release|Any CPU.ActiveCfg = Release|Any CPU
		{7EDE4149-A266-4717-A8C1-B2E1669F147D}.Release|Any CPU.Build.0 = Release|Any CPU
		{463B81A8-7F03-41B8-845E-5E8682940D7E}.Debug|Any CPU.ActiveCfg = Debug|Any CPU
		{463B81A8-7F03-41B8-845E-5E8682940D7E}.Debug|Any CPU.Build.0 = Debug|Any CPU
		{463B81A8-7F03-41B8-845E-5E8682940D7E}.Release|Any CPU.ActiveCfg = Release|Any CPU
		{463B81A8-7F03-41B8-845E-5E8682940D7E}.Release|Any CPU.Build.0 = Release|Any CPU
		{1ED9F3DC-B4E4-41C8-834C-26DA699E648B}.Debug|Any CPU.ActiveCfg = Debug|Any CPU
		{1ED9F3DC-B4E4-41C8-834C-26DA699E648B}.Debug|Any CPU.Build.0 = Debug|Any CPU
		{1ED9F3DC-B4E4-41C8-834C-26DA699E648B}.Release|Any CPU.ActiveCfg = Release|Any CPU
		{1ED9F3DC-B4E4-41C8-834C-26DA699E648B}.Release|Any CPU.Build.0 = Release|Any CPU
		{D921277C-52E4-468E-B992-B69CD3627570}.Debug|Any CPU.ActiveCfg = Debug|Any CPU
		{D921277C-52E4-468E-B992-B69CD3627570}.Debug|Any CPU.Build.0 = Debug|Any CPU
		{D921277C-52E4-468E-B992-B69CD3627570}.Release|Any CPU.ActiveCfg = Release|Any CPU
		{D921277C-52E4-468E-B992-B69CD3627570}.Release|Any CPU.Build.0 = Release|Any CPU
		{C2EEAA9B-BEC6-4517-A49D-1A450248A1DF}.Debug|Any CPU.ActiveCfg = Debug|Any CPU
		{C2EEAA9B-BEC6-4517-A49D-1A450248A1DF}.Debug|Any CPU.Build.0 = Debug|Any CPU
		{C2EEAA9B-BEC6-4517-A49D-1A450248A1DF}.Release|Any CPU.ActiveCfg = Release|Any CPU
		{C2EEAA9B-BEC6-4517-A49D-1A450248A1DF}.Release|Any CPU.Build.0 = Release|Any CPU
		{721CBAE9-A9B5-4066-BE69-D77FBDFA3708}.Debug|Any CPU.ActiveCfg = Debug|Any CPU
		{721CBAE9-A9B5-4066-BE69-D77FBDFA3708}.Debug|Any CPU.Build.0 = Debug|Any CPU
		{721CBAE9-A9B5-4066-BE69-D77FBDFA3708}.Release|Any CPU.ActiveCfg = Release|Any CPU
		{721CBAE9-A9B5-4066-BE69-D77FBDFA3708}.Release|Any CPU.Build.0 = Release|Any CPU
		{211F2927-2B88-4318-922D-BBD175D7B335}.Debug|Any CPU.ActiveCfg = Debug|Any CPU
		{211F2927-2B88-4318-922D-BBD175D7B335}.Debug|Any CPU.Build.0 = Debug|Any CPU
		{211F2927-2B88-4318-922D-BBD175D7B335}.Release|Any CPU.ActiveCfg = Release|Any CPU
		{211F2927-2B88-4318-922D-BBD175D7B335}.Release|Any CPU.Build.0 = Release|Any CPU
		{B9A931C7-89F3-499F-891D-9F626F3C3C9F}.Debug|Any CPU.ActiveCfg = Debug|Any CPU
		{B9A931C7-89F3-499F-891D-9F626F3C3C9F}.Debug|Any CPU.Build.0 = Debug|Any CPU
		{B9A931C7-89F3-499F-891D-9F626F3C3C9F}.Release|Any CPU.ActiveCfg = Release|Any CPU
		{B9A931C7-89F3-499F-891D-9F626F3C3C9F}.Release|Any CPU.Build.0 = Release|Any CPU
		{08950180-DD15-4C22-BDDB-2DBC3B498EE7}.Debug|Any CPU.ActiveCfg = Debug|Any CPU
		{08950180-DD15-4C22-BDDB-2DBC3B498EE7}.Debug|Any CPU.Build.0 = Debug|Any CPU
		{08950180-DD15-4C22-BDDB-2DBC3B498EE7}.Release|Any CPU.ActiveCfg = Release|Any CPU
		{08950180-DD15-4C22-BDDB-2DBC3B498EE7}.Release|Any CPU.Build.0 = Release|Any CPU
		{A90477AB-1461-48A7-BBDC-FD6242BFC51F}.Debug|Any CPU.ActiveCfg = Debug|Any CPU
		{A90477AB-1461-48A7-BBDC-FD6242BFC51F}.Debug|Any CPU.Build.0 = Debug|Any CPU
		{A90477AB-1461-48A7-BBDC-FD6242BFC51F}.Release|Any CPU.ActiveCfg = Release|Any CPU
		{A90477AB-1461-48A7-BBDC-FD6242BFC51F}.Release|Any CPU.Build.0 = Release|Any CPU
		{CEDA0047-90F2-45C4-A950-1AC237C232CB}.Debug|Any CPU.ActiveCfg = Debug|Any CPU
		{CEDA0047-90F2-45C4-A950-1AC237C232CB}.Debug|Any CPU.Build.0 = Debug|Any CPU
		{CEDA0047-90F2-45C4-A950-1AC237C232CB}.Release|Any CPU.ActiveCfg = Release|Any CPU
		{CEDA0047-90F2-45C4-A950-1AC237C232CB}.Release|Any CPU.Build.0 = Release|Any CPU
	EndGlobalSection
	GlobalSection(SolutionProperties) = preSolution
		HideSolutionNode = FALSE
	EndGlobalSection
	GlobalSection(NestedProjects) = preSolution
		{7D5AF127-60DF-46A0-9F97-EDAEC42D8829} = {F5EDD48D-D918-4913-8E03-C82139517A73}
		{4F51B6CA-74C2-403A-8FF9-B5F468682F94} = {F5EDD48D-D918-4913-8E03-C82139517A73}
		{F9AB053D-A405-466B-9578-E64053E286D0} = {A0751617-36E2-4D38-9B72-DDEAA6DA7CE9}
		{01EEA4CD-B481-4970-A2A7-C5E5B3027885} = {F9AB053D-A405-466B-9578-E64053E286D0}
		{468B52D3-FFB7-4408-B1DA-D32D93639264} = {F9AB053D-A405-466B-9578-E64053E286D0}
		{B1065D35-2B7A-409B-9813-71C1D6DDDEA5} = {A0751617-36E2-4D38-9B72-DDEAA6DA7CE9}
		{43A57C86-7D18-4069-A582-1AFB6B35B972} = {B1065D35-2B7A-409B-9813-71C1D6DDDEA5}
		{671BE6B8-F7F2-4E17-ACE7-C10997CC723F} = {B1065D35-2B7A-409B-9813-71C1D6DDDEA5}
		{7EDE4149-A266-4717-A8C1-B2E1669F147D} = {B1065D35-2B7A-409B-9813-71C1D6DDDEA5}
		{463B81A8-7F03-41B8-845E-5E8682940D7E} = {B1065D35-2B7A-409B-9813-71C1D6DDDEA5}
		{1ED9F3DC-B4E4-41C8-834C-26DA699E648B} = {F9AB053D-A405-466B-9578-E64053E286D0}
		{D921277C-52E4-468E-B992-B69CD3627570} = {F9AB053D-A405-466B-9578-E64053E286D0}
		{C2EEAA9B-BEC6-4517-A49D-1A450248A1DF} = {4EB196D0-78B5-40F2-8918-D90A5126E445}
		{721CBAE9-A9B5-4066-BE69-D77FBDFA3708} = {1D82EE5D-5E9A-4973-96FF-68C29517667B}
		{211F2927-2B88-4318-922D-BBD175D7B335} = {1D82EE5D-5E9A-4973-96FF-68C29517667B}
		{98780706-396A-40D1-92C9-ACC23BA26B60} = {A0751617-36E2-4D38-9B72-DDEAA6DA7CE9}
		{B9A931C7-89F3-499F-891D-9F626F3C3C9F} = {98780706-396A-40D1-92C9-ACC23BA26B60}
		{08950180-DD15-4C22-BDDB-2DBC3B498EE7} = {98780706-396A-40D1-92C9-ACC23BA26B60}
		{A90477AB-1461-48A7-BBDC-FD6242BFC51F} = {98780706-396A-40D1-92C9-ACC23BA26B60}
		{CEDA0047-90F2-45C4-A950-1AC237C232CB} = {98780706-396A-40D1-92C9-ACC23BA26B60}
	EndGlobalSection
	GlobalSection(ExtensibilityGlobals) = postSolution
		SolutionGuid = {3D46E76C-8021-4AF4-A970-060C61FD1B3E}
	EndGlobalSection
EndGlobal
